// !$*UTF8*$!
{
	archiveVersion = 1;
	classes = {
	};
	objectVersion = 46;
	objects = {

/* Begin PBXBuildFile section */
		E02EBD821D7C360700144521 /* main.m in Sources */ = {isa = PBXBuildFile; fileRef = E02EBD811D7C360700144521 /* main.m */; };
		E02EBD851D7C360700144521 /* AppDelegate.m in Sources */ = {isa = PBXBuildFile; fileRef = E02EBD841D7C360700144521 /* AppDelegate.m */; };
		E02EBD881D7C360700144521 /* ViewController.m in Sources */ = {isa = PBXBuildFile; fileRef = E02EBD871D7C360700144521 /* ViewController.m */; };
		E02EBD8B1D7C360700144521 /* Main.storyboard in Resources */ = {isa = PBXBuildFile; fileRef = E02EBD891D7C360700144521 /* Main.storyboard */; };
		E02EBD8D1D7C360700144521 /* Assets.xcassets in Resources */ = {isa = PBXBuildFile; fileRef = E02EBD8C1D7C360700144521 /* Assets.xcassets */; };
		E02EBD901D7C360700144521 /* LaunchScreen.storyboard in Resources */ = {isa = PBXBuildFile; fileRef = E02EBD8E1D7C360700144521 /* LaunchScreen.storyboard */; };
		E02EBDC21D7C373700144521 /* NSArray+WT.m in Sources */ = {isa = PBXBuildFile; fileRef = E02EBD9D1D7C373700144521 /* NSArray+WT.m */; };
		E02EBDC31D7C373700144521 /* NSDate+WT.m in Sources */ = {isa = PBXBuildFile; fileRef = E02EBD9F1D7C373700144521 /* NSDate+WT.m */; };
		E02EBDC41D7C373700144521 /* NSString+WT.m in Sources */ = {isa = PBXBuildFile; fileRef = E02EBDA11D7C373700144521 /* NSString+WT.m */; };
		E02EBDC51D7C373700144521 /* NSTimer+WT.m in Sources */ = {isa = PBXBuildFile; fileRef = E02EBDA31D7C373700144521 /* NSTimer+WT.m */; };
		E02EBDD11D7C373700144521 /* WTUtility.m in Sources */ = {isa = PBXBuildFile; fileRef = E02EBDBC1D7C373700144521 /* WTUtility.m */; };
		E02EBDD21D7C373700144521 /* WTTextField.m in Sources */ = {isa = PBXBuildFile; fileRef = E02EBDBF1D7C373700144521 /* WTTextField.m */; };
		E02EBDD31D7C373700144521 /* WTTextView.m in Sources */ = {isa = PBXBuildFile; fileRef = E02EBDC11D7C373700144521 /* WTTextView.m */; };
		E02EBDFE1D7C3C9800144521 /* HelperUtil.m in Sources */ = {isa = PBXBuildFile; fileRef = E02EBDFD1D7C3C9800144521 /* HelperUtil.m */; };
		E02EBE011D7C3C9D00144521 /* lchFileManager.m in Sources */ = {isa = PBXBuildFile; fileRef = E02EBE001D7C3C9D00144521 /* lchFileManager.m */; };
		E02EBE4A1D7C632A00144521 /* CALayer+lch.m in Sources */ = {isa = PBXBuildFile; fileRef = E02EBE351D7C632A00144521 /* CALayer+lch.m */; };
		E02EBE4D1D7C632A00144521 /* UIBarButtonItem+HYBarButtonItem.m in Sources */ = {isa = PBXBuildFile; fileRef = E02EBE391D7C632A00144521 /* UIBarButtonItem+HYBarButtonItem.m */; };
		E02EBE4E1D7C632A00144521 /* UIBarButtonItem+WT.m in Sources */ = {isa = PBXBuildFile; fileRef = E02EBE3B1D7C632A00144521 /* UIBarButtonItem+WT.m */; };
		E02EBE4F1D7C632A00144521 /* UIButton+lch.m in Sources */ = {isa = PBXBuildFile; fileRef = E02EBE3D1D7C632A00144521 /* UIButton+lch.m */; };
		E02EBE501D7C632A00144521 /* UIColor+Hex.m in Sources */ = {isa = PBXBuildFile; fileRef = E02EBE3F1D7C632A00144521 /* UIColor+Hex.m */; };
		E02EBE511D7C632A00144521 /* UIImage+RenderMode.m in Sources */ = {isa = PBXBuildFile; fileRef = E02EBE411D7C632A00144521 /* UIImage+RenderMode.m */; };
		E02EBE521D7C632A00144521 /* UIImage+WT.m in Sources */ = {isa = PBXBuildFile; fileRef = E02EBE431D7C632A00144521 /* UIImage+WT.m */; };
		E02EBE531D7C632A00144521 /* UILabel+lch.m in Sources */ = {isa = PBXBuildFile; fileRef = E02EBE451D7C632A00144521 /* UILabel+lch.m */; };
		E02EBE541D7C632A00144521 /* UITextView+WT.m in Sources */ = {isa = PBXBuildFile; fileRef = E02EBE471D7C632A00144521 /* UITextView+WT.m */; };
		E02EBE551D7C632A00144521 /* UIView+lch.m in Sources */ = {isa = PBXBuildFile; fileRef = E02EBE491D7C632A00144521 /* UIView+lch.m */; };
		E04A88311D7D6D700012F504 /* NSArray+Log.m in Sources */ = {isa = PBXBuildFile; fileRef = E04A88301D7D6D700012F504 /* NSArray+Log.m */; };
		E04A88341D7D73190012F504 /* NSDictionary+lch.m in Sources */ = {isa = PBXBuildFile; fileRef = E04A88331D7D73190012F504 /* NSDictionary+lch.m */; };
/* End PBXBuildFile section */

/* Begin PBXFileReference section */
		E02EBD7D1D7C360700144521 /* mySDK.app */ = {isa = PBXFileReference; explicitFileType = wrapper.application; includeInIndex = 0; path = mySDK.app; sourceTree = BUILT_PRODUCTS_DIR; };
		E02EBD811D7C360700144521 /* main.m */ = {isa = PBXFileReference; lastKnownFileType = sourcecode.c.objc; path = main.m; sourceTree = "<group>"; };
		E02EBD831D7C360700144521 /* AppDelegate.h */ = {isa = PBXFileReference; lastKnownFileType = sourcecode.c.h; path = AppDelegate.h; sourceTree = "<group>"; };
		E02EBD841D7C360700144521 /* AppDelegate.m */ = {isa = PBXFileReference; lastKnownFileType = sourcecode.c.objc; path = AppDelegate.m; sourceTree = "<group>"; };
		E02EBD861D7C360700144521 /* ViewController.h */ = {isa = PBXFileReference; lastKnownFileType = sourcecode.c.h; path = ViewController.h; sourceTree = "<group>"; };
		E02EBD871D7C360700144521 /* ViewController.m */ = {isa = PBXFileReference; lastKnownFileType = sourcecode.c.objc; path = ViewController.m; sourceTree = "<group>"; };
		E02EBD8A1D7C360700144521 /* Base */ = {isa = PBXFileReference; lastKnownFileType = file.storyboard; name = Base; path = Base.lproj/Main.storyboard; sourceTree = "<group>"; };
		E02EBD8C1D7C360700144521 /* Assets.xcassets */ = {isa = PBXFileReference; lastKnownFileType = folder.assetcatalog; path = Assets.xcassets; sourceTree = "<group>"; };
		E02EBD8F1D7C360700144521 /* Base */ = {isa = PBXFileReference; lastKnownFileType = file.storyboard; name = Base; path = Base.lproj/LaunchScreen.storyboard; sourceTree = "<group>"; };
		E02EBD911D7C360700144521 /* Info.plist */ = {isa = PBXFileReference; lastKnownFileType = text.plist.xml; path = Info.plist; sourceTree = "<group>"; };
		E02EBD9C1D7C373700144521 /* NSArray+WT.h */ = {isa = PBXFileReference; fileEncoding = 4; lastKnownFileType = sourcecode.c.h; path = "NSArray+WT.h"; sourceTree = "<group>"; };
		E02EBD9D1D7C373700144521 /* NSArray+WT.m */ = {isa = PBXFileReference; fileEncoding = 4; lastKnownFileType = sourcecode.c.objc; path = "NSArray+WT.m"; sourceTree = "<group>"; };
		E02EBD9E1D7C373700144521 /* NSDate+WT.h */ = {isa = PBXFileReference; fileEncoding = 4; lastKnownFileType = sourcecode.c.h; path = "NSDate+WT.h"; sourceTree = "<group>"; };
		E02EBD9F1D7C373700144521 /* NSDate+WT.m */ = {isa = PBXFileReference; fileEncoding = 4; lastKnownFileType = sourcecode.c.objc; path = "NSDate+WT.m"; sourceTree = "<group>"; };
		E02EBDA01D7C373700144521 /* NSString+WT.h */ = {isa = PBXFileReference; fileEncoding = 4; lastKnownFileType = sourcecode.c.h; path = "NSString+WT.h"; sourceTree = "<group>"; };
		E02EBDA11D7C373700144521 /* NSString+WT.m */ = {isa = PBXFileReference; fileEncoding = 4; lastKnownFileType = sourcecode.c.objc; path = "NSString+WT.m"; sourceTree = "<group>"; };
		E02EBDA21D7C373700144521 /* NSTimer+WT.h */ = {isa = PBXFileReference; fileEncoding = 4; lastKnownFileType = sourcecode.c.h; path = "NSTimer+WT.h"; sourceTree = "<group>"; };
		E02EBDA31D7C373700144521 /* NSTimer+WT.m */ = {isa = PBXFileReference; fileEncoding = 4; lastKnownFileType = sourcecode.c.objc; path = "NSTimer+WT.m"; sourceTree = "<group>"; };
		E02EBDBB1D7C373700144521 /* WTUtility.h */ = {isa = PBXFileReference; fileEncoding = 4; lastKnownFileType = sourcecode.c.h; path = WTUtility.h; sourceTree = "<group>"; };
		E02EBDBC1D7C373700144521 /* WTUtility.m */ = {isa = PBXFileReference; fileEncoding = 4; lastKnownFileType = sourcecode.c.objc; path = WTUtility.m; sourceTree = "<group>"; };
		E02EBDBE1D7C373700144521 /* WTTextField.h */ = {isa = PBXFileReference; fileEncoding = 4; lastKnownFileType = sourcecode.c.h; path = WTTextField.h; sourceTree = "<group>"; };
		E02EBDBF1D7C373700144521 /* WTTextField.m */ = {isa = PBXFileReference; fileEncoding = 4; lastKnownFileType = sourcecode.c.objc; path = WTTextField.m; sourceTree = "<group>"; };
		E02EBDC01D7C373700144521 /* WTTextView.h */ = {isa = PBXFileReference; fileEncoding = 4; lastKnownFileType = sourcecode.c.h; path = WTTextView.h; sourceTree = "<group>"; };
		E02EBDC11D7C373700144521 /* WTTextView.m */ = {isa = PBXFileReference; fileEncoding = 4; lastKnownFileType = sourcecode.c.objc; path = WTTextView.m; sourceTree = "<group>"; };
		E02EBDFC1D7C3C9800144521 /* HelperUtil.h */ = {isa = PBXFileReference; fileEncoding = 4; lastKnownFileType = sourcecode.c.h; path = HelperUtil.h; sourceTree = "<group>"; };
		E02EBDFD1D7C3C9800144521 /* HelperUtil.m */ = {isa = PBXFileReference; fileEncoding = 4; lastKnownFileType = sourcecode.c.objc; path = HelperUtil.m; sourceTree = "<group>"; };
		E02EBDFF1D7C3C9D00144521 /* lchFileManager.h */ = {isa = PBXFileReference; fileEncoding = 4; lastKnownFileType = sourcecode.c.h; path = lchFileManager.h; sourceTree = "<group>"; };
		E02EBE001D7C3C9D00144521 /* lchFileManager.m */ = {isa = PBXFileReference; fileEncoding = 4; lastKnownFileType = sourcecode.c.objc; path = lchFileManager.m; sourceTree = "<group>"; };
		E02EBE341D7C632A00144521 /* CALayer+lch.h */ = {isa = PBXFileReference; fileEncoding = 4; lastKnownFileType = sourcecode.c.h; path = "CALayer+lch.h"; sourceTree = "<group>"; };
		E02EBE351D7C632A00144521 /* CALayer+lch.m */ = {isa = PBXFileReference; fileEncoding = 4; lastKnownFileType = sourcecode.c.objc; path = "CALayer+lch.m"; sourceTree = "<group>"; };
		E02EBE381D7C632A00144521 /* UIBarButtonItem+HYBarButtonItem.h */ = {isa = PBXFileReference; fileEncoding = 4; lastKnownFileType = sourcecode.c.h; path = "UIBarButtonItem+HYBarButtonItem.h"; sourceTree = "<group>"; };
		E02EBE391D7C632A00144521 /* UIBarButtonItem+HYBarButtonItem.m */ = {isa = PBXFileReference; fileEncoding = 4; lastKnownFileType = sourcecode.c.objc; path = "UIBarButtonItem+HYBarButtonItem.m"; sourceTree = "<group>"; };
		E02EBE3A1D7C632A00144521 /* UIBarButtonItem+WT.h */ = {isa = PBXFileReference; fileEncoding = 4; lastKnownFileType = sourcecode.c.h; path = "UIBarButtonItem+WT.h"; sourceTree = "<group>"; };
		E02EBE3B1D7C632A00144521 /* UIBarButtonItem+WT.m */ = {isa = PBXFileReference; fileEncoding = 4; lastKnownFileType = sourcecode.c.objc; path = "UIBarButtonItem+WT.m"; sourceTree = "<group>"; };
		E02EBE3C1D7C632A00144521 /* UIButton+lch.h */ = {isa = PBXFileReference; fileEncoding = 4; lastKnownFileType = sourcecode.c.h; path = "UIButton+lch.h"; sourceTree = "<group>"; };
		E02EBE3D1D7C632A00144521 /* UIButton+lch.m */ = {isa = PBXFileReference; fileEncoding = 4; lastKnownFileType = sourcecode.c.objc; path = "UIButton+lch.m"; sourceTree = "<group>"; };
		E02EBE3E1D7C632A00144521 /* UIColor+Hex.h */ = {isa = PBXFileReference; fileEncoding = 4; lastKnownFileType = sourcecode.c.h; path = "UIColor+Hex.h"; sourceTree = "<group>"; };
		E02EBE3F1D7C632A00144521 /* UIColor+Hex.m */ = {isa = PBXFileReference; fileEncoding = 4; lastKnownFileType = sourcecode.c.objc; path = "UIColor+Hex.m"; sourceTree = "<group>"; };
		E02EBE401D7C632A00144521 /* UIImage+RenderMode.h */ = {isa = PBXFileReference; fileEncoding = 4; lastKnownFileType = sourcecode.c.h; path = "UIImage+RenderMode.h"; sourceTree = "<group>"; };
		E02EBE411D7C632A00144521 /* UIImage+RenderMode.m */ = {isa = PBXFileReference; fileEncoding = 4; lastKnownFileType = sourcecode.c.objc; path = "UIImage+RenderMode.m"; sourceTree = "<group>"; };
		E02EBE421D7C632A00144521 /* UIImage+WT.h */ = {isa = PBXFileReference; fileEncoding = 4; lastKnownFileType = sourcecode.c.h; path = "UIImage+WT.h"; sourceTree = "<group>"; };
		E02EBE431D7C632A00144521 /* UIImage+WT.m */ = {isa = PBXFileReference; fileEncoding = 4; lastKnownFileType = sourcecode.c.objc; path = "UIImage+WT.m"; sourceTree = "<group>"; };
		E02EBE441D7C632A00144521 /* UILabel+lch.h */ = {isa = PBXFileReference; fileEncoding = 4; lastKnownFileType = sourcecode.c.h; path = "UILabel+lch.h"; sourceTree = "<group>"; };
		E02EBE451D7C632A00144521 /* UILabel+lch.m */ = {isa = PBXFileReference; fileEncoding = 4; lastKnownFileType = sourcecode.c.objc; path = "UILabel+lch.m"; sourceTree = "<group>"; };
		E02EBE461D7C632A00144521 /* UITextView+WT.h */ = {isa = PBXFileReference; fileEncoding = 4; lastKnownFileType = sourcecode.c.h; path = "UITextView+WT.h"; sourceTree = "<group>"; };
		E02EBE471D7C632A00144521 /* UITextView+WT.m */ = {isa = PBXFileReference; fileEncoding = 4; lastKnownFileType = sourcecode.c.objc; path = "UITextView+WT.m"; sourceTree = "<group>"; };
		E02EBE481D7C632A00144521 /* UIView+lch.h */ = {isa = PBXFileReference; fileEncoding = 4; lastKnownFileType = sourcecode.c.h; path = "UIView+lch.h"; sourceTree = "<group>"; };
		E02EBE491D7C632A00144521 /* UIView+lch.m */ = {isa = PBXFileReference; fileEncoding = 4; lastKnownFileType = sourcecode.c.objc; path = "UIView+lch.m"; sourceTree = "<group>"; };
		E02EBE561D7C63AF00144521 /* Singleton.h */ = {isa = PBXFileReference; fileEncoding = 4; lastKnownFileType = sourcecode.c.h; path = Singleton.h; sourceTree = "<group>"; };
		E04A882F1D7D6D700012F504 /* NSArray+Log.h */ = {isa = PBXFileReference; fileEncoding = 4; lastKnownFileType = sourcecode.c.h; path = "NSArray+Log.h"; sourceTree = "<group>"; };
		E04A88301D7D6D700012F504 /* NSArray+Log.m */ = {isa = PBXFileReference; fileEncoding = 4; lastKnownFileType = sourcecode.c.objc; path = "NSArray+Log.m"; sourceTree = "<group>"; };
		E04A88321D7D73190012F504 /* NSDictionary+lch.h */ = {isa = PBXFileReference; fileEncoding = 4; lastKnownFileType = sourcecode.c.h; path = "NSDictionary+lch.h"; sourceTree = "<group>"; };
		E04A88331D7D73190012F504 /* NSDictionary+lch.m */ = {isa = PBXFileReference; fileEncoding = 4; lastKnownFileType = sourcecode.c.objc; path = "NSDictionary+lch.m"; sourceTree = "<group>"; };
		E0AEB5C01D7CA2BF00F874ED /* lchSDK.h */ = {isa = PBXFileReference; fileEncoding = 4; lastKnownFileType = sourcecode.c.h; path = lchSDK.h; sourceTree = "<group>"; };
/* End PBXFileReference section */

/* Begin PBXFrameworksBuildPhase section */
		E02EBD7A1D7C360700144521 /* Frameworks */ = {
			isa = PBXFrameworksBuildPhase;
			buildActionMask = 2147483647;
			files = (
			);
			runOnlyForDeploymentPostprocessing = 0;
		};
/* End PBXFrameworksBuildPhase section */

/* Begin PBXGroup section */
		E02EBD741D7C360700144521 = {
			isa = PBXGroup;
			children = (
				E02EBD991D7C373700144521 /* lchSDK */,
				E02EBD7F1D7C360700144521 /* mySDK */,
				E02EBD7E1D7C360700144521 /* Products */,
			);
			sourceTree = "<group>";
		};
		E02EBD7E1D7C360700144521 /* Products */ = {
			isa = PBXGroup;
			children = (
				E02EBD7D1D7C360700144521 /* mySDK.app */,
			);
			name = Products;
			sourceTree = "<group>";
		};
		E02EBD7F1D7C360700144521 /* mySDK */ = {
			isa = PBXGroup;
			children = (
				E02EBD831D7C360700144521 /* AppDelegate.h */,
				E02EBD841D7C360700144521 /* AppDelegate.m */,
				E02EBD861D7C360700144521 /* ViewController.h */,
				E02EBD871D7C360700144521 /* ViewController.m */,
				E02EBD891D7C360700144521 /* Main.storyboard */,
				E02EBD8C1D7C360700144521 /* Assets.xcassets */,
				E02EBD8E1D7C360700144521 /* LaunchScreen.storyboard */,
				E02EBD911D7C360700144521 /* Info.plist */,
				E02EBD801D7C360700144521 /* Supporting Files */,
			);
			path = mySDK;
			sourceTree = "<group>";
		};
		E02EBD801D7C360700144521 /* Supporting Files */ = {
			isa = PBXGroup;
			children = (
				E02EBD811D7C360700144521 /* main.m */,
			);
			name = "Supporting Files";
			sourceTree = "<group>";
		};
		E02EBD991D7C373700144521 /* lchSDK */ = {
			isa = PBXGroup;
			children = (
				E02EBD9A1D7C373700144521 /* Category */,
				E02EBDB71D7C373700144521 /* Tool */,
				E02EBDBD1D7C373700144521 /* View */,
			);
			path = lchSDK;
			sourceTree = "<group>";
		};
		E02EBD9A1D7C373700144521 /* Category */ = {
			isa = PBXGroup;
			children = (
				E02EBD9B1D7C373700144521 /* NS */,
				E02EBE331D7C632A00144521 /* UI */,
			);
			path = Category;
			sourceTree = "<group>";
		};
		E02EBD9B1D7C373700144521 /* NS */ = {
			isa = PBXGroup;
			children = (
				E04A882F1D7D6D700012F504 /* NSArray+Log.h */,
				E04A88301D7D6D700012F504 /* NSArray+Log.m */,
				E02EBD9C1D7C373700144521 /* NSArray+WT.h */,
				E02EBD9D1D7C373700144521 /* NSArray+WT.m */,
				E04A88321D7D73190012F504 /* NSDictionary+lch.h */,
				E04A88331D7D73190012F504 /* NSDictionary+lch.m */,
				E02EBD9E1D7C373700144521 /* NSDate+WT.h */,
				E02EBD9F1D7C373700144521 /* NSDate+WT.m */,
				E02EBDA01D7C373700144521 /* NSString+WT.h */,
				E02EBDA11D7C373700144521 /* NSString+WT.m */,
				E02EBDA21D7C373700144521 /* NSTimer+WT.h */,
				E02EBDA31D7C373700144521 /* NSTimer+WT.m */,
			);
			path = NS;
			sourceTree = "<group>";
		};
		E02EBDB71D7C373700144521 /* Tool */ = {
			isa = PBXGroup;
			children = (
				E0AEB5C01D7CA2BF00F874ED /* lchSDK.h */,
				E02EBE561D7C63AF00144521 /* Singleton.h */,
				E02EBDFC1D7C3C9800144521 /* HelperUtil.h */,
				E02EBDFD1D7C3C9800144521 /* HelperUtil.m */,
				E02EBDBB1D7C373700144521 /* WTUtility.h */,
				E02EBDBC1D7C373700144521 /* WTUtility.m */,
				E02EBDFF1D7C3C9D00144521 /* lchFileManager.h */,
				E02EBE001D7C3C9D00144521 /* lchFileManager.m */,
			);
			path = Tool;
			sourceTree = "<group>";
		};
		E02EBDBD1D7C373700144521 /* View */ = {
			isa = PBXGroup;
			children = (
				E02EBDBE1D7C373700144521 /* WTTextField.h */,
				E02EBDBF1D7C373700144521 /* WTTextField.m */,
				E02EBDC01D7C373700144521 /* WTTextView.h */,
				E02EBDC11D7C373700144521 /* WTTextView.m */,
			);
			path = View;
			sourceTree = "<group>";
		};
		E02EBE331D7C632A00144521 /* UI */ = {
			isa = PBXGroup;
			children = (
				E02EBE341D7C632A00144521 /* CALayer+lch.h */,
				E02EBE351D7C632A00144521 /* CALayer+lch.m */,
				E02EBE381D7C632A00144521 /* UIBarButtonItem+HYBarButtonItem.h */,
				E02EBE391D7C632A00144521 /* UIBarButtonItem+HYBarButtonItem.m */,
				E02EBE3A1D7C632A00144521 /* UIBarButtonItem+WT.h */,
				E02EBE3B1D7C632A00144521 /* UIBarButtonItem+WT.m */,
				E02EBE3C1D7C632A00144521 /* UIButton+lch.h */,
				E02EBE3D1D7C632A00144521 /* UIButton+lch.m */,
				E02EBE3E1D7C632A00144521 /* UIColor+Hex.h */,
				E02EBE3F1D7C632A00144521 /* UIColor+Hex.m */,
				E02EBE401D7C632A00144521 /* UIImage+RenderMode.h */,
				E02EBE411D7C632A00144521 /* UIImage+RenderMode.m */,
				E02EBE421D7C632A00144521 /* UIImage+WT.h */,
				E02EBE431D7C632A00144521 /* UIImage+WT.m */,
				E02EBE441D7C632A00144521 /* UILabel+lch.h */,
				E02EBE451D7C632A00144521 /* UILabel+lch.m */,
				E02EBE461D7C632A00144521 /* UITextView+WT.h */,
				E02EBE471D7C632A00144521 /* UITextView+WT.m */,
				E02EBE481D7C632A00144521 /* UIView+lch.h */,
				E02EBE491D7C632A00144521 /* UIView+lch.m */,
			);
			path = UI;
			sourceTree = "<group>";
		};
/* End PBXGroup section */

/* Begin PBXNativeTarget section */
		E02EBD7C1D7C360700144521 /* mySDK */ = {
			isa = PBXNativeTarget;
			buildConfigurationList = E02EBD941D7C360700144521 /* Build configuration list for PBXNativeTarget "mySDK" */;
			buildPhases = (
				E02EBD791D7C360700144521 /* Sources */,
				E02EBD7A1D7C360700144521 /* Frameworks */,
				E02EBD7B1D7C360700144521 /* Resources */,
			);
			buildRules = (
			);
			dependencies = (
			);
			name = mySDK;
			productName = mySDK;
			productReference = E02EBD7D1D7C360700144521 /* mySDK.app */;
			productType = "com.apple.product-type.application";
		};
/* End PBXNativeTarget section */

/* Begin PBXProject section */
		E02EBD751D7C360700144521 /* Project object */ = {
			isa = PBXProject;
			attributes = {
				LastUpgradeCheck = 0730;
				ORGANIZATIONNAME = lch;
				TargetAttributes = {
					E02EBD7C1D7C360700144521 = {
						CreatedOnToolsVersion = 7.3.1;
						DevelopmentTeam = GY428P84HQ;
					};
				};
			};
			buildConfigurationList = E02EBD781D7C360700144521 /* Build configuration list for PBXProject "mySDK" */;
			compatibilityVersion = "Xcode 3.2";
			developmentRegion = English;
			hasScannedForEncodings = 0;
			knownRegions = (
				en,
				Base,
			);
			mainGroup = E02EBD741D7C360700144521;
			productRefGroup = E02EBD7E1D7C360700144521 /* Products */;
			projectDirPath = "";
			projectRoot = "";
			targets = (
				E02EBD7C1D7C360700144521 /* mySDK */,
			);
		};
/* End PBXProject section */

/* Begin PBXResourcesBuildPhase section */
		E02EBD7B1D7C360700144521 /* Resources */ = {
			isa = PBXResourcesBuildPhase;
			buildActionMask = 2147483647;
			files = (
				E02EBD901D7C360700144521 /* LaunchScreen.storyboard in Resources */,
				E02EBD8D1D7C360700144521 /* Assets.xcassets in Resources */,
				E02EBD8B1D7C360700144521 /* Main.storyboard in Resources */,
			);
			runOnlyForDeploymentPostprocessing = 0;
		};
/* End PBXResourcesBuildPhase section */

/* Begin PBXSourcesBuildPhase section */
		E02EBD791D7C360700144521 /* Sources */ = {
			isa = PBXSourcesBuildPhase;
			buildActionMask = 2147483647;
			files = (
				E02EBDFE1D7C3C9800144521 /* HelperUtil.m in Sources */,
				E02EBE501D7C632A00144521 /* UIColor+Hex.m in Sources */,
				E02EBD881D7C360700144521 /* ViewController.m in Sources */,
				E02EBDD21D7C373700144521 /* WTTextField.m in Sources */,
				E02EBDC21D7C373700144521 /* NSArray+WT.m in Sources */,
				E02EBE4F1D7C632A00144521 /* UIButton+lch.m in Sources */,
				E02EBDC51D7C373700144521 /* NSTimer+WT.m in Sources */,
				E02EBE511D7C632A00144521 /* UIImage+RenderMode.m in Sources */,
				E02EBD851D7C360700144521 /* AppDelegate.m in Sources */,
				E02EBE4E1D7C632A00144521 /* UIBarButtonItem+WT.m in Sources */,
				E02EBE531D7C632A00144521 /* UILabel+lch.m in Sources */,
				E02EBE551D7C632A00144521 /* UIView+lch.m in Sources */,
				E02EBE541D7C632A00144521 /* UITextView+WT.m in Sources */,
				E02EBDD31D7C373700144521 /* WTTextView.m in Sources */,
				E02EBD821D7C360700144521 /* main.m in Sources */,
				E02EBE4A1D7C632A00144521 /* CALayer+lch.m in Sources */,
				E02EBE011D7C3C9D00144521 /* lchFileManager.m in Sources */,
				E02EBDC41D7C373700144521 /* NSString+WT.m in Sources */,
				E02EBE521D7C632A00144521 /* UIImage+WT.m in Sources */,
				E02EBDD11D7C373700144521 /* WTUtility.m in Sources */,
				E04A88311D7D6D700012F504 /* NSArray+Log.m in Sources */,
				E02EBDC31D7C373700144521 /* NSDate+WT.m in Sources */,
				E04A88341D7D73190012F504 /* NSDictionary+lch.m in Sources */,
				E02EBE4D1D7C632A00144521 /* UIBarButtonItem+HYBarButtonItem.m in Sources */,
			);
			runOnlyForDeploymentPostprocessing = 0;
		};
/* End PBXSourcesBuildPhase section */

/* Begin PBXVariantGroup section */
		E02EBD891D7C360700144521 /* Main.storyboard */ = {
			isa = PBXVariantGroup;
			children = (
				E02EBD8A1D7C360700144521 /* Base */,
			);
			name = Main.storyboard;
			sourceTree = "<group>";
		};
		E02EBD8E1D7C360700144521 /* LaunchScreen.storyboard */ = {
			isa = PBXVariantGroup;
			children = (
				E02EBD8F1D7C360700144521 /* Base */,
			);
			name = LaunchScreen.storyboard;
			sourceTree = "<group>";
		};
/* End PBXVariantGroup section */

/* Begin XCBuildConfiguration section */
		E02EBD921D7C360700144521 /* Debug */ = {
			isa = XCBuildConfiguration;
			buildSettings = {
				ALWAYS_SEARCH_USER_PATHS = NO;
				CLANG_ANALYZER_NONNULL = YES;
				CLANG_CXX_LANGUAGE_STANDARD = "gnu++0x";
				CLANG_CXX_LIBRARY = "libc++";
				CLANG_ENABLE_MODULES = YES;
				CLANG_ENABLE_OBJC_ARC = YES;
				CLANG_WARN_BOOL_CONVERSION = YES;
				CLANG_WARN_CONSTANT_CONVERSION = YES;
				CLANG_WARN_DIRECT_OBJC_ISA_USAGE = YES_ERROR;
				CLANG_WARN_EMPTY_BODY = YES;
				CLANG_WARN_ENUM_CONVERSION = YES;
				CLANG_WARN_INT_CONVERSION = YES;
				CLANG_WARN_OBJC_ROOT_CLASS = YES_ERROR;
				CLANG_WARN_UNREACHABLE_CODE = YES;
				CLANG_WARN__DUPLICATE_METHOD_MATCH = YES;
				"CODE_SIGN_IDENTITY[sdk=iphoneos*]" = "iPhone Developer";
				COPY_PHASE_STRIP = NO;
				DEBUG_INFORMATION_FORMAT = dwarf;
				ENABLE_STRICT_OBJC_MSGSEND = YES;
				ENABLE_TESTABILITY = YES;
				GCC_C_LANGUAGE_STANDARD = gnu99;
				GCC_DYNAMIC_NO_PIC = NO;
				GCC_NO_COMMON_BLOCKS = YES;
				GCC_OPTIMIZATION_LEVEL = 0;
				GCC_PREPROCESSOR_DEFINITIONS = (
					"DEBUG=1",
					"$(inherited)",
				);
				GCC_SYMBOLS_PRIVATE_EXTERN = NO;
				GCC_WARN_64_TO_32_BIT_CONVERSION = YES;
				GCC_WARN_ABOUT_RETURN_TYPE = YES_ERROR;
				GCC_WARN_UNDECLARED_SELECTOR = YES;
				GCC_WARN_UNINITIALIZED_AUTOS = YES_AGGRESSIVE;
				GCC_WARN_UNUSED_FUNCTION = YES;
				GCC_WARN_UNUSED_VARIABLE = YES;
				IPHONEOS_DEPLOYMENT_TARGET = 9.3;
				MTL_ENABLE_DEBUG_INFO = YES;
				ONLY_ACTIVE_ARCH = YES;
				SDKROOT = iphoneos;
				TARGETED_DEVICE_FAMILY = "1,2";
			};
			name = Debug;
		};
		E02EBD931D7C360700144521 /* Release */ = {
			isa = XCBuildConfiguration;
			buildSettings = {
				ALWAYS_SEARCH_USER_PATHS = NO;
				CLANG_ANALYZER_NONNULL = YES;
				CLANG_CXX_LANGUAGE_STANDARD = "gnu++0x";
				CLANG_CXX_LIBRARY = "libc++";
				CLANG_ENABLE_MODULES = YES;
				CLANG_ENABLE_OBJC_ARC = YES;
				CLANG_WARN_BOOL_CONVERSION = YES;
				CLANG_WARN_CONSTANT_CONVERSION = YES;
				CLANG_WARN_DIRECT_OBJC_ISA_USAGE = YES_ERROR;
				CLANG_WARN_EMPTY_BODY = YES;
				CLANG_WARN_ENUM_CONVERSION = YES;
				CLANG_WARN_INT_CONVERSION = YES;
				CLANG_WARN_OBJC_ROOT_CLASS = YES_ERROR;
				CLANG_WARN_UNREACHABLE_CODE = YES;
				CLANG_WARN__DUPLICATE_METHOD_MATCH = YES;
				"CODE_SIGN_IDENTITY[sdk=iphoneos*]" = "iPhone Developer";
				COPY_PHASE_STRIP = NO;
				DEBUG_INFORMATION_FORMAT = "dwarf-with-dsym";
				ENABLE_NS_ASSERTIONS = NO;
				ENABLE_STRICT_OBJC_MSGSEND = YES;
				GCC_C_LANGUAGE_STANDARD = gnu99;
				GCC_NO_COMMON_BLOCKS = YES;
				GCC_WARN_64_TO_32_BIT_CONVERSION = YES;
				GCC_WARN_ABOUT_RETURN_TYPE = YES_ERROR;
				GCC_WARN_UNDECLARED_SELECTOR = YES;
				GCC_WARN_UNINITIALIZED_AUTOS = YES_AGGRESSIVE;
				GCC_WARN_UNUSED_FUNCTION = YES;
				GCC_WARN_UNUSED_VARIABLE = YES;
				IPHONEOS_DEPLOYMENT_TARGET = 9.3;
				MTL_ENABLE_DEBUG_INFO = NO;
				SDKROOT = iphoneos;
				TARGETED_DEVICE_FAMILY = "1,2";
				VALIDATE_PRODUCT = YES;
			};
			name = Release;
		};
		E02EBD951D7C360700144521 /* Debug */ = {
			isa = XCBuildConfiguration;
			buildSettings = {
				ASSETCATALOG_COMPILER_APPICON_NAME = AppIcon;
				GCC_SYMBOLS_PRIVATE_EXTERN = NO;
				INFOPLIST_FILE = mySDK/Info.plist;
				LD_RUNPATH_SEARCH_PATHS = "$(inherited) @executable_path/Frameworks";
				PRODUCT_BUNDLE_IDENTIFIER = com.lch.mySDK;
				PRODUCT_NAME = "$(TARGET_NAME)";
				TARGETED_DEVICE_FAMILY = 1;
			};
			name = Debug;
		};
		E02EBD961D7C360700144521 /* Release */ = {
			isa = XCBuildConfiguration;
			buildSettings = {
				ASSETCATALOG_COMPILER_APPICON_NAME = AppIcon;
				INFOPLIST_FILE = mySDK/Info.plist;
				LD_RUNPATH_SEARCH_PATHS = "$(inherited) @executable_path/Frameworks";
				PRODUCT_BUNDLE_IDENTIFIER = com.lch.mySDK;
				PRODUCT_NAME = "$(TARGET_NAME)";
				TARGETED_DEVICE_FAMILY = 1;
			};
			name = Release;
		};
/* End XCBuildConfiguration section */

/* Begin XCConfigurationList section */
		E02EBD781D7C360700144521 /* Build configuration list for PBXProject "mySDK" */ = {
			isa = XCConfigurationList;
			buildConfigurations = (
				E02EBD921D7C360700144521 /* Debug */,
				E02EBD931D7C360700144521 /* Release */,
			);
			defaultConfigurationIsVisible = 0;
			defaultConfigurationName = Release;
		};
		E02EBD941D7C360700144521 /* Build configuration list for PBXNativeTarget "mySDK" */ = {
			isa = XCConfigurationList;
			buildConfigurations = (
				E02EBD951D7C360700144521 /* Debug */,
				E02EBD961D7C360700144521 /* Release */,
			);
			defaultConfigurationIsVisible = 0;
			defaultConfigurationName = Release;
		};
/* End XCConfigurationList section */
	};
	rootObject = E02EBD751D7C360700144521 /* Project object */;
}
